{
    "_meta": {
        "hash": {
            "sha256": "630cf9f857657ad6dbc51855925276912916d2300a46589cc3699fb4a6333ae0"
        },
        "pipfile-spec": 6,
        "requires": {
            "python_version": "3.6"
        },
        "sources": [
            {
                "name": "pypi",
                "url": "https://pypi.org/simple",
                "verify_ssl": true
            }
        ]
    },
    "default": {
        "certifi": {
            "hashes": [
                "sha256:13e698f54293db9f89122b0581843a782ad0934a4fe0172d2a980ba77fc61bb7",
                "sha256:9fa520c1bacfb634fa7af20a76bcbd3d5fb390481724c597da32c719a7dca4b0"
            ],
            "version": "==2018.4.16"
        },
        "chardet": {
            "hashes": [
                "sha256:84ab92ed1c4d4f16916e05906b6b75a6c0fb5db821cc65e70cbd64a3e2a5eaae",
                "sha256:fc323ffcaeaed0e0a02bf4d117757b98aed530d9ed4531e3e15460124c106691"
            ],
            "version": "==3.0.4"
        },
        "get": {
            "hashes": [
                "sha256:9177b24df2b5be1ba86c6d6c2afbee8a77b716ab1b5bb11fcbdf65c3f1decf1a"
            ],
            "version": "==1.0.3"
        },
        "idna": {
            "hashes": [
                "sha256:156a6814fb5ac1fc6850fb002e0852d56c0c8d2531923a51032d1b70760e186e",
                "sha256:684a38a6f903c1d71d6d5fac066b58d7768af4de2b832e426ec79c30daa94a16"
            ],
            "version": "==2.7"
        },
        "post": {
            "hashes": [
                "sha256:13db715defcc1ab9e987c3a397cfb4e4eaf205023830876fb0979f905f56fd5f"
            ],
            "markers": "python_version != '3.2.*' and python_version >= '2.7' and python_version != '3.0.*' and python_version != '3.1.*' and python_version != '3.3.*'",
            "version": "==1.0.2"
        },
        "public": {
            "hashes": [
                "sha256:b923b41a57ef886f4d0aee932aac848506680f3d746326149079f73a6403485f"
            ],
            "markers": "python_version != '3.0.*' and python_version != '3.1.*' and python_version != '3.2.*' and python_version != '3.3.*' and python_version >= '2.7'",
            "version": "==1.0.3"
        },
        "query-string": {
            "hashes": [
                "sha256:9d06d013034e9c855e26fac2e67d154d0b556ce0353c2eba7330f2ca79fa1a95"
            ],
            "markers": "python_version != '3.0.*' and python_version != '3.1.*' and python_version != '3.2.*' and python_version != '3.3.*' and python_version >= '2.7'",
            "version": "==1.0.2"
        },
        "request": {
            "hashes": [
                "sha256:009397eba1bd73ddc8fdc0745f15ecacdf38d0be2186ef431bc8357a60f0900b"
            ],
            "index": "pypi",
            "version": "==1.0.2"
        },
        "requests": {
            "hashes": [
                "sha256:63b52e3c866428a224f97cab011de738c36aec0185aa91cfacd418b5d58911d1",
                "sha256:ec22d826a36ed72a7358ff3fe56cbd4ba69dd7a6718ffd450ff0e9df7a47ce6a"
            ],
            "index": "pypi",
            "version": "==2.19.1"
        },
        "urllib3": {
            "hashes": [
                "sha256:a68ac5e15e76e7e5dd2b8f94007233e01effe3e50e8daddf69acfd81cb686baf",
                "sha256:b5725a0bd4ba422ab0e66e89e030c806576753ea3ee08554382c14e685d117b5"
            ],
            "markers": "python_version != '3.2.*' and python_version != '3.0.*' and python_version != '3.1.*' and python_version < '4' and python_version != '3.3.*' and python_version >= '2.6'",
            "version": "==1.23"
        }
    },
    "develop": {}
}
